{
  "originHash" : "46eb42d8a7c3f61246864e397bd25f87930e47aca74972cb7e8b0ac969c43c00",
  "pins" : [
    {
      "identity" : "gymplanner",
      "kind" : "remoteSourceControl",
      "location" : "https://github.com/IanArb/GymPlanner/",
      "state" : {
        "branch" : "main",
        "revision" : "4be5f0f237d99aa8086c9b84ded08f9716b006de"
      }
    },
    {
      "identity" : "swinject",
      "kind" : "remoteSourceControl",
      "location" : "https://github.com/Swinject/Swinject",
      "state" : {
        "revision" : "b685b549fe4d8ae265fc7a2f27d0789720425d69",
        "version" : "2.10.0"
      }
    }
  ],
  "version" : 3
}
